# This file is automatically @generated by Cargo.
# It is not intended for manual editing.
version = 3

[[package]]
name = "log"
version = "0.4.20"
source = "registry+https://github.com/rust-lang/crates.io-index"
checksum = "b5e6163cb8c49088c2c36f57875e58ccd8c87c7427f7fbd50ea6710b2f3f2e8f"

[[package]]
name = "minreq"
version = "2.8.1"
source = "registry+https://github.com/rust-lang/crates.io-index"
checksum = "3de406eeb24aba36ed3829532fa01649129677186b44a49debec0ec574ca7da7"
dependencies = [
 "log",
]

[[package]]
name = "sakaya-client"
version = "0.1.0"
dependencies = [
 "minreq",
]
